
Microsoft Visual Studio Solution File, Format Version 12.00
# Visual Studio Version 16
VisualStudioVersion = 16.0.29306.81
MinimumVisualStudioVersion = 10.0.40219.1
Project("{FAE04EC0-301F-11D3-BF4B-00C04F79EFBC}") = "Q3", "Q3\Q3.csproj", "{36484A19-E40C-4536-8DCA-0EA6B24B12A8}"
EndProject
Global
	GlobalSection(SolutionConfigurationPlatforms) = preSolution
		Debug|Any CPU = Debug|Any CPU
		Release|Any CPU = Release|Any CPU
	EndGlobalSection
	GlobalSection(ProjectConfigurationPlatforms) = postSolution
		{36484A19-E40C-4536-8DCA-0EA6B24B12A8}.Debug|Any CPU.ActiveCfg = Debug|Any CPU
		{36484A19-E40C-4536-8DCA-0EA6B24B12A8}.Debug|Any CPU.Build.0 = Debug|Any CPU
		{36484A19-E40C-4536-8DCA-0EA6B24B12A8}.Release|Any CPU.ActiveCfg = Release|Any CPU
		{36484A19-E40C-4536-8DCA-0EA6B24B12A8}.Release|Any CPU.Build.0 = Release|Any CPU
	EndGlobalSection
	GlobalSection(SolutionProperties) = preSolution
		HideSolutionNode = FALSE
	EndGlobalSection
	GlobalSection(ExtensibilityGlobals) = postSolution
		SolutionGuid = {70C32E8A-EC39-4E81-A899-61EB8A073F10}
	EndGlobalSection
EndGlobal
