
Microsoft Visual Studio Solution File, Format Version 12.00
# Visual Studio Version 16
VisualStudioVersion = 16.0.29306.81
MinimumVisualStudioVersion = 10.0.40219.1
Project("{FAE04EC0-301F-11D3-BF4B-00C04F79EFBC}") = "Q7", "Q7\Q7.csproj", "{E1A0A6EE-D1C4-4B25-BFFA-76F650A5ECDE}"
EndProject
Global
	GlobalSection(SolutionConfigurationPlatforms) = preSolution
		Debug|Any CPU = Debug|Any CPU
		Release|Any CPU = Release|Any CPU
	EndGlobalSection
	GlobalSection(ProjectConfigurationPlatforms) = postSolution
		{E1A0A6EE-D1C4-4B25-BFFA-76F650A5ECDE}.Debug|Any CPU.ActiveCfg = Debug|Any CPU
		{E1A0A6EE-D1C4-4B25-BFFA-76F650A5ECDE}.Debug|Any CPU.Build.0 = Debug|Any CPU
		{E1A0A6EE-D1C4-4B25-BFFA-76F650A5ECDE}.Release|Any CPU.ActiveCfg = Release|Any CPU
		{E1A0A6EE-D1C4-4B25-BFFA-76F650A5ECDE}.Release|Any CPU.Build.0 = Release|Any CPU
	EndGlobalSection
	GlobalSection(SolutionProperties) = preSolution
		HideSolutionNode = FALSE
	EndGlobalSection
	GlobalSection(ExtensibilityGlobals) = postSolution
		SolutionGuid = {48F1CFB3-360F-4FA6-B99E-A4CDCAB03F11}
	EndGlobalSection
EndGlobal
