
Microsoft Visual Studio Solution File, Format Version 12.00
# Visual Studio Version 16
VisualStudioVersion = 16.0.29306.81
MinimumVisualStudioVersion = 10.0.40219.1
Project("{FAE04EC0-301F-11D3-BF4B-00C04F79EFBC}") = "Q1", "Q1\Q1.csproj", "{9D6ADE42-AEAE-4D52-A28E-85C6367043BA}"
EndProject
Global
	GlobalSection(SolutionConfigurationPlatforms) = preSolution
		Debug|Any CPU = Debug|Any CPU
		Release|Any CPU = Release|Any CPU
	EndGlobalSection
	GlobalSection(ProjectConfigurationPlatforms) = postSolution
		{9D6ADE42-AEAE-4D52-A28E-85C6367043BA}.Debug|Any CPU.ActiveCfg = Debug|Any CPU
		{9D6ADE42-AEAE-4D52-A28E-85C6367043BA}.Debug|Any CPU.Build.0 = Debug|Any CPU
		{9D6ADE42-AEAE-4D52-A28E-85C6367043BA}.Release|Any CPU.ActiveCfg = Release|Any CPU
		{9D6ADE42-AEAE-4D52-A28E-85C6367043BA}.Release|Any CPU.Build.0 = Release|Any CPU
	EndGlobalSection
	GlobalSection(SolutionProperties) = preSolution
		HideSolutionNode = FALSE
	EndGlobalSection
	GlobalSection(ExtensibilityGlobals) = postSolution
		SolutionGuid = {027C0B80-E27C-426C-86FC-BC0665E5B2D1}
	EndGlobalSection
EndGlobal
