
Microsoft Visual Studio Solution File, Format Version 12.00
# Visual Studio Version 16
VisualStudioVersion = 16.0.29306.81
MinimumVisualStudioVersion = 10.0.40219.1
Project("{FAE04EC0-301F-11D3-BF4B-00C04F79EFBC}") = "Q5", "Q5\Q5.csproj", "{01EBBFE1-5F81-436C-9CE2-FDED8BBEA050}"
EndProject
Global
	GlobalSection(SolutionConfigurationPlatforms) = preSolution
		Debug|Any CPU = Debug|Any CPU
		Release|Any CPU = Release|Any CPU
	EndGlobalSection
	GlobalSection(ProjectConfigurationPlatforms) = postSolution
		{01EBBFE1-5F81-436C-9CE2-FDED8BBEA050}.Debug|Any CPU.ActiveCfg = Debug|Any CPU
		{01EBBFE1-5F81-436C-9CE2-FDED8BBEA050}.Debug|Any CPU.Build.0 = Debug|Any CPU
		{01EBBFE1-5F81-436C-9CE2-FDED8BBEA050}.Release|Any CPU.ActiveCfg = Release|Any CPU
		{01EBBFE1-5F81-436C-9CE2-FDED8BBEA050}.Release|Any CPU.Build.0 = Release|Any CPU
	EndGlobalSection
	GlobalSection(SolutionProperties) = preSolution
		HideSolutionNode = FALSE
	EndGlobalSection
	GlobalSection(ExtensibilityGlobals) = postSolution
		SolutionGuid = {1BE9D417-2DBF-467F-B127-A463B894F46F}
	EndGlobalSection
EndGlobal
